
Microsoft Visual Studio Solution File, Format Version 12.00
# Visual Studio Version 17
VisualStudioVersion = 17.8.34601.278
MinimumVisualStudioVersion = 10.0.40219.1
Project("{9A19103F-16F7-4668-BE54-9A1E7A4F7556}") = "WorkSpace", "WorkSpace\WorkSpace.csproj", "{AA35062C-975A-4F80-86EB-E18DB317B176}"
EndProject
Project("{9A19103F-16F7-4668-BE54-9A1E7A4F7556}") = "Entities", "Entities\Entities.csproj", "{431E54B7-8856-4C0F-822D-7EA66E6BE6E0}"
EndProject
Project("{FAE04EC0-301F-11D3-BF4B-00C04F79EFBC}") = "Business", "Business\Business.csproj", "{FE0B6269-2F81-492A-BFC0-336F161336DC}"
EndProject
Global
	GlobalSection(SolutionConfigurationPlatforms) = preSolution
		Debug|Any CPU = Debug|Any CPU
		Release|Any CPU = Release|Any CPU
	EndGlobalSection
	GlobalSection(ProjectConfigurationPlatforms) = postSolution
		{AA35062C-975A-4F80-86EB-E18DB317B176}.Debug|Any CPU.ActiveCfg = Debug|Any CPU
		{AA35062C-975A-4F80-86EB-E18DB317B176}.Debug|Any CPU.Build.0 = Debug|Any CPU
		{AA35062C-975A-4F80-86EB-E18DB317B176}.Release|Any CPU.ActiveCfg = Release|Any CPU
		{AA35062C-975A-4F80-86EB-E18DB317B176}.Release|Any CPU.Build.0 = Release|Any CPU
		{431E54B7-8856-4C0F-822D-7EA66E6BE6E0}.Debug|Any CPU.ActiveCfg = Debug|Any CPU
		{431E54B7-8856-4C0F-822D-7EA66E6BE6E0}.Debug|Any CPU.Build.0 = Debug|Any CPU
		{431E54B7-8856-4C0F-822D-7EA66E6BE6E0}.Release|Any CPU.ActiveCfg = Release|Any CPU
		{431E54B7-8856-4C0F-822D-7EA66E6BE6E0}.Release|Any CPU.Build.0 = Release|Any CPU
		{FE0B6269-2F81-492A-BFC0-336F161336DC}.Debug|Any CPU.ActiveCfg = Debug|Any CPU
		{FE0B6269-2F81-492A-BFC0-336F161336DC}.Debug|Any CPU.Build.0 = Debug|Any CPU
		{FE0B6269-2F81-492A-BFC0-336F161336DC}.Release|Any CPU.ActiveCfg = Release|Any CPU
		{FE0B6269-2F81-492A-BFC0-336F161336DC}.Release|Any CPU.Build.0 = Release|Any CPU
	EndGlobalSection
	GlobalSection(SolutionProperties) = preSolution
		HideSolutionNode = FALSE
	EndGlobalSection
	GlobalSection(ExtensibilityGlobals) = postSolution
		SolutionGuid = {0BC3D6D7-BAC3-41F8-AECE-B2FE359AF91A}
	EndGlobalSection
EndGlobal
